
Microsoft Visual Studio Solution File, Format Version 12.00
# Visual Studio 15
VisualStudioVersion = 15.0.28307.572
MinimumVisualStudioVersion = 10.0.40219.1
Project("{FAE04EC0-301F-11D3-BF4B-00C04F79EFBC}") = "comp6324WebAppIdentify", "comp6324WebAppIdentify\comp6324WebAppIdentify.csproj", "{F1AD4976-A3E3-4DB2-BAC0-540185B09BEF}"
EndProject
Global
	GlobalSection(SolutionConfigurationPlatforms) = preSolution
		Debug|Any CPU = Debug|Any CPU
		Release|Any CPU = Release|Any CPU
	EndGlobalSection
	GlobalSection(ProjectConfigurationPlatforms) = postSolution
		{F1AD4976-A3E3-4DB2-BAC0-540185B09BEF}.Debug|Any CPU.ActiveCfg = Debug|Any CPU
		{F1AD4976-A3E3-4DB2-BAC0-540185B09BEF}.Debug|Any CPU.Build.0 = Debug|Any CPU
		{F1AD4976-A3E3-4DB2-BAC0-540185B09BEF}.Release|Any CPU.ActiveCfg = Release|Any CPU
		{F1AD4976-A3E3-4DB2-BAC0-540185B09BEF}.Release|Any CPU.Build.0 = Release|Any CPU
	EndGlobalSection
	GlobalSection(SolutionProperties) = preSolution
		HideSolutionNode = FALSE
	EndGlobalSection
	GlobalSection(ExtensibilityGlobals) = postSolution
		SolutionGuid = {53264C5D-72A2-4A72-82A7-5D492CAE0CFB}
	EndGlobalSection
EndGlobal
